
Microsoft Visual Studio Solution File, Format Version 12.00
# Visual Studio Version 16
VisualStudioVersion = 25.0.1706.9
MinimumVisualStudioVersion = 10.0.40219.1
Project("{FAE04EC0-301F-11D3-BF4B-00C04F79EFBC}") = "MulThreadingInDotNet", "MulThreadingInDotNet\MulThreadingInDotNet.csproj", "{441EFB26-D6B9-43F0-87FB-AFC618C3DE12}"
EndProject
Global
	GlobalSection(SolutionConfigurationPlatforms) = preSolution
		Debug|Any CPU = Debug|Any CPU
		Release|Any CPU = Release|Any CPU
	EndGlobalSection
	GlobalSection(ProjectConfigurationPlatforms) = postSolution
		{441EFB26-D6B9-43F0-87FB-AFC618C3DE12}.Debug|Any CPU.ActiveCfg = Debug|Any CPU
		{441EFB26-D6B9-43F0-87FB-AFC618C3DE12}.Debug|Any CPU.Build.0 = Debug|Any CPU
		{441EFB26-D6B9-43F0-87FB-AFC618C3DE12}.Release|Any CPU.ActiveCfg = Release|Any CPU
		{441EFB26-D6B9-43F0-87FB-AFC618C3DE12}.Release|Any CPU.Build.0 = Release|Any CPU
	EndGlobalSection
	GlobalSection(SolutionProperties) = preSolution
		HideSolutionNode = FALSE
	EndGlobalSection
	GlobalSection(ExtensibilityGlobals) = postSolution
		SolutionGuid = {689D3F7E-C20B-43C5-8E85-F5098B707BA2}
	EndGlobalSection
EndGlobal
